// !$*UTF8*$!
{
	archiveVersion = 1;
	classes = {
	};
	objectVersion = 50;
	objects = {

/* Begin PBXBuildFile section */
		5ADF67E723A48C97002F276A /* AppDelegate.swift in Sources */ = {isa = PBXBuildFile; fileRef = 5ADF67E623A48C97002F276A /* AppDelegate.swift */; };
		5ADF67E923A48C97002F276A /* art.scnassets in Resources */ = {isa = PBXBuildFile; fileRef = 5ADF67E823A48C97002F276A /* art.scnassets */; };
		5ADF67EB23A48C97002F276A /* ViewController.swift in Sources */ = {isa = PBXBuildFile; fileRef = 5ADF67EA23A48C97002F276A /* ViewController.swift */; };
		5ADF67EE23A48C97002F276A /* Main.storyboard in Resources */ = {isa = PBXBuildFile; fileRef = 5ADF67EC23A48C97002F276A /* Main.storyboard */; };
		5ADF67F023A48C99002F276A /* Assets.xcassets in Resources */ = {isa = PBXBuildFile; fileRef = 5ADF67EF23A48C99002F276A /* Assets.xcassets */; };
		5ADF67F323A48C99002F276A /* LaunchScreen.storyboard in Resources */ = {isa = PBXBuildFile; fileRef = 5ADF67F123A48C99002F276A /* LaunchScreen.storyboard */; };
		5ADF681923A4D021002F276A /* ObjectManager.swift in Sources */ = {isa = PBXBuildFile; fileRef = 5ADF681823A4D021002F276A /* ObjectManager.swift */; };
		5ADF681E23A58572002F276A /* Request.swift in Sources */ = {isa = PBXBuildFile; fileRef = 5ADF681D23A58572002F276A /* Request.swift */; };
/* End PBXBuildFile section */

/* Begin PBXFileReference section */
		5ADF67E323A48C97002F276A /* SampleAR.app */ = {isa = PBXFileReference; explicitFileType = wrapper.application; includeInIndex = 0; path = SampleAR.app; sourceTree = BUILT_PRODUCTS_DIR; };
		5ADF67E623A48C97002F276A /* AppDelegate.swift */ = {isa = PBXFileReference; lastKnownFileType = sourcecode.swift; path = AppDelegate.swift; sourceTree = "<group>"; };
		5ADF67E823A48C97002F276A /* art.scnassets */ = {isa = PBXFileReference; lastKnownFileType = wrapper.scnassets; path = art.scnassets; sourceTree = "<group>"; };
		5ADF67EA23A48C97002F276A /* ViewController.swift */ = {isa = PBXFileReference; lastKnownFileType = sourcecode.swift; path = ViewController.swift; sourceTree = "<group>"; };
		5ADF67ED23A48C97002F276A /* Base */ = {isa = PBXFileReference; lastKnownFileType = file.storyboard; name = Base; path = Base.lproj/Main.storyboard; sourceTree = "<group>"; };
		5ADF67EF23A48C99002F276A /* Assets.xcassets */ = {isa = PBXFileReference; lastKnownFileType = folder.assetcatalog; path = Assets.xcassets; sourceTree = "<group>"; };
		5ADF67F223A48C99002F276A /* Base */ = {isa = PBXFileReference; lastKnownFileType = file.storyboard; name = Base; path = Base.lproj/LaunchScreen.storyboard; sourceTree = "<group>"; };
		5ADF67F423A48C99002F276A /* Info.plist */ = {isa = PBXFileReference; lastKnownFileType = text.plist.xml; path = Info.plist; sourceTree = "<group>"; };
		5ADF681823A4D021002F276A /* ObjectManager.swift */ = {isa = PBXFileReference; lastKnownFileType = sourcecode.swift; path = ObjectManager.swift; sourceTree = "<group>"; };
		5ADF681D23A58572002F276A /* Request.swift */ = {isa = PBXFileReference; lastKnownFileType = sourcecode.swift; path = Request.swift; sourceTree = "<group>"; };
/* End PBXFileReference section */

/* Begin PBXFrameworksBuildPhase section */
		5ADF67E023A48C97002F276A /* Frameworks */ = {
			isa = PBXFrameworksBuildPhase;
			buildActionMask = 2147483647;
			files = (
			);
			runOnlyForDeploymentPostprocessing = 0;
		};
/* End PBXFrameworksBuildPhase section */

/* Begin PBXGroup section */
		5ADF67DA23A48C97002F276A = {
			isa = PBXGroup;
			children = (
				5ADF67E523A48C97002F276A /* SampleAR */,
				5ADF67E423A48C97002F276A /* Products */,
			);
			sourceTree = "<group>";
		};
		5ADF67E423A48C97002F276A /* Products */ = {
			isa = PBXGroup;
			children = (
				5ADF67E323A48C97002F276A /* SampleAR.app */,
			);
			name = Products;
			sourceTree = "<group>";
		};
		5ADF67E523A48C97002F276A /* SampleAR */ = {
			isa = PBXGroup;
			children = (
				5ADF67E623A48C97002F276A /* AppDelegate.swift */,
				5ADF67E823A48C97002F276A /* art.scnassets */,
				5ADF67EA23A48C97002F276A /* ViewController.swift */,
				5ADF67EC23A48C97002F276A /* Main.storyboard */,
				5ADF67EF23A48C99002F276A /* Assets.xcassets */,
				5ADF67F123A48C99002F276A /* LaunchScreen.storyboard */,
				5ADF67F423A48C99002F276A /* Info.plist */,
				5ADF681823A4D021002F276A /* ObjectManager.swift */,
				5ADF681D23A58572002F276A /* Request.swift */,
			);
			path = SampleAR;
			sourceTree = "<group>";
		};
/* End PBXGroup section */

/* Begin PBXNativeTarget section */
		5ADF67E223A48C97002F276A /* SampleAR */ = {
			isa = PBXNativeTarget;
			buildConfigurationList = 5ADF67F723A48C99002F276A /* Build configuration list for PBXNativeTarget "SampleAR" */;
			buildPhases = (
				5ADF67DF23A48C97002F276A /* Sources */,
				5ADF67E023A48C97002F276A /* Frameworks */,
				5ADF67E123A48C97002F276A /* Resources */,
			);
			buildRules = (
			);
			dependencies = (
			);
			name = SampleAR;
			productName = SampleAR;
			productReference = 5ADF67E323A48C97002F276A /* SampleAR.app */;
			productType = "com.apple.product-type.application";
		};
/* End PBXNativeTarget section */

/* Begin PBXProject section */
		5ADF67DB23A48C97002F276A /* Project object */ = {
			isa = PBXProject;
			attributes = {
				LastSwiftUpdateCheck = 1020;
				LastUpgradeCheck = 1020;
				ORGANIZATIONNAME = "渡辺拓也";
				TargetAttributes = {
					5ADF67E223A48C97002F276A = {
						CreatedOnToolsVersion = 10.2.1;
					};
				};
			};
			buildConfigurationList = 5ADF67DE23A48C97002F276A /* Build configuration list for PBXProject "SampleAR" */;
			compatibilityVersion = "Xcode 9.3";
			developmentRegion = en;
			hasScannedForEncodings = 0;
			knownRegions = (
				en,
				Base,
			);
			mainGroup = 5ADF67DA23A48C97002F276A;
			productRefGroup = 5ADF67E423A48C97002F276A /* Products */;
			projectDirPath = "";
			projectRoot = "";
			targets = (
				5ADF67E223A48C97002F276A /* SampleAR */,
			);
		};
/* End PBXProject section */

/* Begin PBXResourcesBuildPhase section */
		5ADF67E123A48C97002F276A /* Resources */ = {
			isa = PBXResourcesBuildPhase;
			buildActionMask = 2147483647;
			files = (
				5ADF67E923A48C97002F276A /* art.scnassets in Resources */,
				5ADF67F323A48C99002F276A /* LaunchScreen.storyboard in Resources */,
				5ADF67F023A48C99002F276A /* Assets.xcassets in Resources */,
				5ADF67EE23A48C97002F276A /* Main.storyboard in Resources */,
			);
			runOnlyForDeploymentPostprocessing = 0;
		};
/* End PBXResourcesBuildPhase section */

/* Begin PBXSourcesBuildPhase section */
		5ADF67DF23A48C97002F276A /* Sources */ = {
			isa = PBXSourcesBuildPhase;
			buildActionMask = 2147483647;
			files = (
				5ADF681923A4D021002F276A /* ObjectManager.swift in Sources */,
				5ADF681E23A58572002F276A /* Request.swift in Sources */,
				5ADF67EB23A48C97002F276A /* ViewController.swift in Sources */,
				5ADF67E723A48C97002F276A /* AppDelegate.swift in Sources */,
			);
			runOnlyForDeploymentPostprocessing = 0;
		};
/* End PBXSourcesBuildPhase section */

/* Begin PBXVariantGroup section */
		5ADF67EC23A48C97002F276A /* Main.storyboard */ = {
			isa = PBXVariantGroup;
			children = (
				5ADF67ED23A48C97002F276A /* Base */,
			);
			name = Main.storyboard;
			sourceTree = "<group>";
		};
		5ADF67F123A48C99002F276A /* LaunchScreen.storyboard */ = {
			isa = PBXVariantGroup;
			children = (
				5ADF67F223A48C99002F276A /* Base */,
			);
			name = LaunchScreen.storyboard;
			sourceTree = "<group>";
		};
/* End PBXVariantGroup section */

/* Begin XCBuildConfiguration section */
		5ADF67F523A48C99002F276A /* Debug */ = {
			isa = XCBuildConfiguration;
			buildSettings = {
				ALWAYS_SEARCH_USER_PATHS = NO;
				CLANG_ANALYZER_NONNULL = YES;
				CLANG_ANALYZER_NUMBER_OBJECT_CONVERSION = YES_AGGRESSIVE;
				CLANG_CXX_LANGUAGE_STANDARD = "gnu++14";
				CLANG_CXX_LIBRARY = "libc++";
				CLANG_ENABLE_MODULES = YES;
				CLANG_ENABLE_OBJC_ARC = YES;
				CLANG_ENABLE_OBJC_WEAK = YES;
				CLANG_WARN_BLOCK_CAPTURE_AUTORELEASING = YES;
				CLANG_WARN_BOOL_CONVERSION = YES;
				CLANG_WARN_COMMA = YES;
				CLANG_WARN_CONSTANT_CONVERSION = YES;
				CLANG_WARN_DEPRECATED_OBJC_IMPLEMENTATIONS = YES;
				CLANG_WARN_DIRECT_OBJC_ISA_USAGE = YES_ERROR;
				CLANG_WARN_DOCUMENTATION_COMMENTS = YES;
				CLANG_WARN_EMPTY_BODY = YES;
				CLANG_WARN_ENUM_CONVERSION = YES;
				CLANG_WARN_INFINITE_RECURSION = YES;
				CLANG_WARN_INT_CONVERSION = YES;
				CLANG_WARN_NON_LITERAL_NULL_CONVERSION = YES;
				CLANG_WARN_OBJC_IMPLICIT_RETAIN_SELF = YES;
				CLANG_WARN_OBJC_LITERAL_CONVERSION = YES;
				CLANG_WARN_OBJC_ROOT_CLASS = YES_ERROR;
				CLANG_WARN_RANGE_LOOP_ANALYSIS = YES;
				CLANG_WARN_STRICT_PROTOTYPES = YES;
				CLANG_WARN_SUSPICIOUS_MOVE = YES;
				CLANG_WARN_UNGUARDED_AVAILABILITY = YES_AGGRESSIVE;
				CLANG_WARN_UNREACHABLE_CODE = YES;
				CLANG_WARN__DUPLICATE_METHOD_MATCH = YES;
				CODE_SIGN_IDENTITY = "iPhone Developer";
				COPY_PHASE_STRIP = NO;
				DEBUG_INFORMATION_FORMAT = dwarf;
				ENABLE_STRICT_OBJC_MSGSEND = YES;
				ENABLE_TESTABILITY = YES;
				GCC_C_LANGUAGE_STANDARD = gnu11;
				GCC_DYNAMIC_NO_PIC = NO;
				GCC_NO_COMMON_BLOCKS = YES;
				GCC_OPTIMIZATION_LEVEL = 0;
				GCC_PREPROCESSOR_DEFINITIONS = (
					"DEBUG=1",
					"$(inherited)",
				);
				GCC_WARN_64_TO_32_BIT_CONVERSION = YES;
				GCC_WARN_ABOUT_RETURN_TYPE = YES_ERROR;
				GCC_WARN_UNDECLARED_SELECTOR = YES;
				GCC_WARN_UNINITIALIZED_AUTOS = YES_AGGRESSIVE;
				GCC_WARN_UNUSED_FUNCTION = YES;
				GCC_WARN_UNUSED_VARIABLE = YES;
				IPHONEOS_DEPLOYMENT_TARGET = 12.2;
				MTL_ENABLE_DEBUG_INFO = INCLUDE_SOURCE;
				MTL_FAST_MATH = YES;
				ONLY_ACTIVE_ARCH = YES;
				SDKROOT = iphoneos;
				SWIFT_ACTIVE_COMPILATION_CONDITIONS = DEBUG;
				SWIFT_OPTIMIZATION_LEVEL = "-Onone";
			};
			name = Debug;
		};
		5ADF67F623A48C99002F276A /* Release */ = {
			isa = XCBuildConfiguration;
			buildSettings = {
				ALWAYS_SEARCH_USER_PATHS = NO;
				CLANG_ANALYZER_NONNULL = YES;
				CLANG_ANALYZER_NUMBER_OBJECT_CONVERSION = YES_AGGRESSIVE;
				CLANG_CXX_LANGUAGE_STANDARD = "gnu++14";
				CLANG_CXX_LIBRARY = "libc++";
				CLANG_ENABLE_MODULES = YES;
				CLANG_ENABLE_OBJC_ARC = YES;
				CLANG_ENABLE_OBJC_WEAK = YES;
				CLANG_WARN_BLOCK_CAPTURE_AUTORELEASING = YES;
				CLANG_WARN_BOOL_CONVERSION = YES;
				CLANG_WARN_COMMA = YES;
				CLANG_WARN_CONSTANT_CONVERSION = YES;
				CLANG_WARN_DEPRECATED_OBJC_IMPLEMENTATIONS = YES;
				CLANG_WARN_DIRECT_OBJC_ISA_USAGE = YES_ERROR;
				CLANG_WARN_DOCUMENTATION_COMMENTS = YES;
				CLANG_WARN_EMPTY_BODY = YES;
				CLANG_WARN_ENUM_CONVERSION = YES;
				CLANG_WARN_INFINITE_RECURSION = YES;
				CLANG_WARN_INT_CONVERSION = YES;
				CLANG_WARN_NON_LITERAL_NULL_CONVERSION = YES;
				CLANG_WARN_OBJC_IMPLICIT_RETAIN_SELF = YES;
				CLANG_WARN_OBJC_LITERAL_CONVERSION = YES;
				CLANG_WARN_OBJC_ROOT_CLASS = YES_ERROR;
				CLANG_WARN_RANGE_LOOP_ANALYSIS = YES;
				CLANG_WARN_STRICT_PROTOTYPES = YES;
				CLANG_WARN_SUSPICIOUS_MOVE = YES;
				CLANG_WARN_UNGUARDED_AVAILABILITY = YES_AGGRESSIVE;
				CLANG_WARN_UNREACHABLE_CODE = YES;
				CLANG_WARN__DUPLICATE_METHOD_MATCH = YES;
				CODE_SIGN_IDENTITY = "iPhone Developer";
				COPY_PHASE_STRIP = NO;
				DEBUG_INFORMATION_FORMAT = "dwarf-with-dsym";
				ENABLE_NS_ASSERTIONS = NO;
				ENABLE_STRICT_OBJC_MSGSEND = YES;
				GCC_C_LANGUAGE_STANDARD = gnu11;
				GCC_NO_COMMON_BLOCKS = YES;
				GCC_WARN_64_TO_32_BIT_CONVERSION = YES;
				GCC_WARN_ABOUT_RETURN_TYPE = YES_ERROR;
				GCC_WARN_UNDECLARED_SELECTOR = YES;
				GCC_WARN_UNINITIALIZED_AUTOS = YES_AGGRESSIVE;
				GCC_WARN_UNUSED_FUNCTION = YES;
				GCC_WARN_UNUSED_VARIABLE = YES;
				IPHONEOS_DEPLOYMENT_TARGET = 12.2;
				MTL_ENABLE_DEBUG_INFO = NO;
				MTL_FAST_MATH = YES;
				SDKROOT = iphoneos;
				SWIFT_COMPILATION_MODE = wholemodule;
				SWIFT_OPTIMIZATION_LEVEL = "-O";
				VALIDATE_PRODUCT = YES;
			};
			name = Release;
		};
		5ADF67F823A48C99002F276A /* Debug */ = {
			isa = XCBuildConfiguration;
			buildSettings = {
				ASSETCATALOG_COMPILER_APPICON_NAME = AppIcon;
				CODE_SIGN_IDENTITY = "iPhone Developer";
				CODE_SIGN_STYLE = Automatic;
				DEVELOPMENT_TEAM = 5NF5R69MZY;
				INFOPLIST_FILE = SampleAR/Info.plist;
				IPHONEOS_DEPLOYMENT_TARGET = 11.3;
				LD_RUNPATH_SEARCH_PATHS = (
					"$(inherited)",
					"@executable_path/Frameworks",
				);
				PRODUCT_BUNDLE_IDENTIFIER = com.tkymx.SampleAR;
				PRODUCT_NAME = "$(TARGET_NAME)";
				PROVISIONING_PROFILE_SPECIFIER = "";
				SWIFT_VERSION = 5.0;
				TARGETED_DEVICE_FAMILY = "1,2";
			};
			name = Debug;
		};
		5ADF67F923A48C99002F276A /* Release */ = {
			isa = XCBuildConfiguration;
			buildSettings = {
				ASSETCATALOG_COMPILER_APPICON_NAME = AppIcon;
				CODE_SIGN_IDENTITY = "iPhone Developer";
				CODE_SIGN_STYLE = Automatic;
				DEVELOPMENT_TEAM = 5NF5R69MZY;
				INFOPLIST_FILE = SampleAR/Info.plist;
				IPHONEOS_DEPLOYMENT_TARGET = 11.3;
				LD_RUNPATH_SEARCH_PATHS = (
					"$(inherited)",
					"@executable_path/Frameworks",
				);
				PRODUCT_BUNDLE_IDENTIFIER = com.tkymx.SampleAR;
				PRODUCT_NAME = "$(TARGET_NAME)";
				PROVISIONING_PROFILE_SPECIFIER = "";
				SWIFT_VERSION = 5.0;
				TARGETED_DEVICE_FAMILY = "1,2";
			};
			name = Release;
		};
/* End XCBuildConfiguration section */

/* Begin XCConfigurationList section */
		5ADF67DE23A48C97002F276A /* Build configuration list for PBXProject "SampleAR" */ = {
			isa = XCConfigurationList;
			buildConfigurations = (
				5ADF67F523A48C99002F276A /* Debug */,
				5ADF67F623A48C99002F276A /* Release */,
			);
			defaultConfigurationIsVisible = 0;
			defaultConfigurationName = Release;
		};
		5ADF67F723A48C99002F276A /* Build configuration list for PBXNativeTarget "SampleAR" */ = {
			isa = XCConfigurationList;
			buildConfigurations = (
				5ADF67F823A48C99002F276A /* Debug */,
				5ADF67F923A48C99002F276A /* Release */,
			);
			defaultConfigurationIsVisible = 0;
			defaultConfigurationName = Release;
		};
/* End XCConfigurationList section */
	};
	rootObject = 5ADF67DB23A48C97002F276A /* Project object */;
}
